
Microsoft Visual Studio Solution File, Format Version 12.00
# Visual Studio Version 17
VisualStudioVersion = 17.3.32929.385
MinimumVisualStudioVersion = 10.0.40219.1
Project("{FAE04EC0-301F-11D3-BF4B-00C04F79EFBC}") = "Pascan_Andrei_Lab1", "Pascan_Andrei_Lab1.csproj", "{1D79CC73-8702-49E0-B4A9-5DC5D5785EE1}"
EndProject
Global
	GlobalSection(SolutionConfigurationPlatforms) = preSolution
		Debug|Any CPU = Debug|Any CPU
		Release|Any CPU = Release|Any CPU
	EndGlobalSection
	GlobalSection(ProjectConfigurationPlatforms) = postSolution
		{1D79CC73-8702-49E0-B4A9-5DC5D5785EE1}.Debug|Any CPU.ActiveCfg = Debug|Any CPU
		{1D79CC73-8702-49E0-B4A9-5DC5D5785EE1}.Debug|Any CPU.Build.0 = Debug|Any CPU
		{1D79CC73-8702-49E0-B4A9-5DC5D5785EE1}.Release|Any CPU.ActiveCfg = Release|Any CPU
		{1D79CC73-8702-49E0-B4A9-5DC5D5785EE1}.Release|Any CPU.Build.0 = Release|Any CPU
	EndGlobalSection
	GlobalSection(SolutionProperties) = preSolution
		HideSolutionNode = FALSE
	EndGlobalSection
	GlobalSection(ExtensibilityGlobals) = postSolution
		SolutionGuid = {D1056A87-5297-427A-BEF8-9A8EB1468653}
	EndGlobalSection
EndGlobal
